
Microsoft Visual Studio Solution File, Format Version 12.00
# Visual Studio Version 17
VisualStudioVersion = 17.0.31903.59
MinimumVisualStudioVersion = 10.0.40219.1
Project("{2150E333-8FDC-42A3-9474-1A3956D46DE8}") = "src", "src", "{9D149CDB-87CD-4A30-AE8A-1E8FEFA9D517}"
EndProject
Project("{FAE04EC0-301F-11D3-BF4B-00C04F79EFBC}") = "CompanyManagement.Api", "src\CompanyManagement.Api\CompanyManagement.Api.csproj", "{E55DB140-D57C-40D3-B9E5-119E9390688F}"
EndProject
Project("{FAE04EC0-301F-11D3-BF4B-00C04F79EFBC}") = "CompanyManagement.Application", "src\CompanyManagement.Application\CompanyManagement.Application.csproj", "{5E29AFA7-957E-44F2-AE50-6E6474C39556}"
EndProject
Project("{FAE04EC0-301F-11D3-BF4B-00C04F79EFBC}") = "CompanyManagement.Domain", "src\CompanyManagement.Domain\CompanyManagement.Domain.csproj", "{EE8CF00E-8CFE-4265-954B-BD86955CA79B}"
EndProject
Project("{FAE04EC0-301F-11D3-BF4B-00C04F79EFBC}") = "CompanyManagement.Infrastructure", "src\CompanyManagement.Infrastructure\CompanyManagement.Infrastructure.csproj", "{81877A6C-9725-4529-9888-5DD7670A1CAB}"
EndProject
Project("{2150E333-8FDC-42A3-9474-1A3956D46DE8}") = "tests", "tests", "{9B1B1B37-0054-4D4A-A5DF-BF0D66E38F8F}"
EndProject
Project("{FAE04EC0-301F-11D3-BF4B-00C04F79EFBC}") = "CompanyManagement.UnitTests", "tests\CompanyManagement.UnitTests\CompanyManagement.UnitTests.csproj", "{A1B2A0F9-5DE8-45B0-B35D-7C58B35E6DAF}"
EndProject
Project("{FAE04EC0-301F-11D3-BF4B-00C04F79EFBC}") = "CompanyManagement.ApiTests", "tests\CompanyManagement.ApiTests\CompanyManagement.ApiTests.csproj", "{8634F3CA-87DC-48BE-9FE1-4BBD7ABF0AE0}"
EndProject
Global
	GlobalSection(SolutionConfigurationPlatforms) = preSolution
		Debug|Any CPU = Debug|Any CPU
		Release|Any CPU = Release|Any CPU
	EndGlobalSection
	GlobalSection(SolutionProperties) = preSolution
		HideSolutionNode = FALSE
	EndGlobalSection
	GlobalSection(ProjectConfigurationPlatforms) = postSolution
		{E55DB140-D57C-40D3-B9E5-119E9390688F}.Debug|Any CPU.ActiveCfg = Debug|Any CPU
		{E55DB140-D57C-40D3-B9E5-119E9390688F}.Debug|Any CPU.Build.0 = Debug|Any CPU
		{E55DB140-D57C-40D3-B9E5-119E9390688F}.Release|Any CPU.ActiveCfg = Release|Any CPU
		{E55DB140-D57C-40D3-B9E5-119E9390688F}.Release|Any CPU.Build.0 = Release|Any CPU
		{5E29AFA7-957E-44F2-AE50-6E6474C39556}.Debug|Any CPU.ActiveCfg = Debug|Any CPU
		{5E29AFA7-957E-44F2-AE50-6E6474C39556}.Debug|Any CPU.Build.0 = Debug|Any CPU
		{5E29AFA7-957E-44F2-AE50-6E6474C39556}.Release|Any CPU.ActiveCfg = Release|Any CPU
		{5E29AFA7-957E-44F2-AE50-6E6474C39556}.Release|Any CPU.Build.0 = Release|Any CPU
		{EE8CF00E-8CFE-4265-954B-BD86955CA79B}.Debug|Any CPU.ActiveCfg = Debug|Any CPU
		{EE8CF00E-8CFE-4265-954B-BD86955CA79B}.Debug|Any CPU.Build.0 = Debug|Any CPU
		{EE8CF00E-8CFE-4265-954B-BD86955CA79B}.Release|Any CPU.ActiveCfg = Release|Any CPU
		{EE8CF00E-8CFE-4265-954B-BD86955CA79B}.Release|Any CPU.Build.0 = Release|Any CPU
		{81877A6C-9725-4529-9888-5DD7670A1CAB}.Debug|Any CPU.ActiveCfg = Debug|Any CPU
		{81877A6C-9725-4529-9888-5DD7670A1CAB}.Debug|Any CPU.Build.0 = Debug|Any CPU
		{81877A6C-9725-4529-9888-5DD7670A1CAB}.Release|Any CPU.ActiveCfg = Release|Any CPU
		{81877A6C-9725-4529-9888-5DD7670A1CAB}.Release|Any CPU.Build.0 = Release|Any CPU
		{A1B2A0F9-5DE8-45B0-B35D-7C58B35E6DAF}.Debug|Any CPU.ActiveCfg = Debug|Any CPU
		{A1B2A0F9-5DE8-45B0-B35D-7C58B35E6DAF}.Debug|Any CPU.Build.0 = Debug|Any CPU
		{A1B2A0F9-5DE8-45B0-B35D-7C58B35E6DAF}.Release|Any CPU.ActiveCfg = Release|Any CPU
		{A1B2A0F9-5DE8-45B0-B35D-7C58B35E6DAF}.Release|Any CPU.Build.0 = Release|Any CPU
		{8634F3CA-87DC-48BE-9FE1-4BBD7ABF0AE0}.Debug|Any CPU.ActiveCfg = Debug|Any CPU
		{8634F3CA-87DC-48BE-9FE1-4BBD7ABF0AE0}.Debug|Any CPU.Build.0 = Debug|Any CPU
		{8634F3CA-87DC-48BE-9FE1-4BBD7ABF0AE0}.Release|Any CPU.ActiveCfg = Release|Any CPU
		{8634F3CA-87DC-48BE-9FE1-4BBD7ABF0AE0}.Release|Any CPU.Build.0 = Release|Any CPU
	EndGlobalSection
	GlobalSection(NestedProjects) = preSolution
		{E55DB140-D57C-40D3-B9E5-119E9390688F} = {9D149CDB-87CD-4A30-AE8A-1E8FEFA9D517}
		{5E29AFA7-957E-44F2-AE50-6E6474C39556} = {9D149CDB-87CD-4A30-AE8A-1E8FEFA9D517}
		{EE8CF00E-8CFE-4265-954B-BD86955CA79B} = {9D149CDB-87CD-4A30-AE8A-1E8FEFA9D517}
		{81877A6C-9725-4529-9888-5DD7670A1CAB} = {9D149CDB-87CD-4A30-AE8A-1E8FEFA9D517}
		{A1B2A0F9-5DE8-45B0-B35D-7C58B35E6DAF} = {9B1B1B37-0054-4D4A-A5DF-BF0D66E38F8F}
		{8634F3CA-87DC-48BE-9FE1-4BBD7ABF0AE0} = {9B1B1B37-0054-4D4A-A5DF-BF0D66E38F8F}
	EndGlobalSection
EndGlobal
